
Microsoft Visual Studio Solution File, Format Version 12.00
# Visual Studio Version 17
VisualStudioVersion = 17.0.32126.317
MinimumVisualStudioVersion = 10.0.40219.1
Project("{9A19103F-16F7-4668-BE54-9A1E7A4F7556}") = "Project1", "Project1\Project1.csproj", "{B6725CB1-B498-4B50-8E63-9A20F01E1904}"
EndProject
Project("{9A19103F-16F7-4668-BE54-9A1E7A4F7556}") = "ClassLibrary1", "ClassLibrary1\ClassLibrary1.csproj", "{FAB9672A-75E0-416A-AD55-5F5724FDE9E9}"
EndProject
Project("{9A19103F-16F7-4668-BE54-9A1E7A4F7556}") = "TestProject1", "TestProject1\TestProject1.csproj", "{A2E51D3D-BC70-4748-B354-8A87F798EFC4}"
EndProject
Project("{FAE04EC0-301F-11D3-BF4B-00C04F79EFBC}") = "DataStorage", "DataStorage\DataStorage.csproj", "{A911B9EF-9C77-4140-BC99-2D26F841880E}"
EndProject
Project("{FAE04EC0-301F-11D3-BF4B-00C04F79EFBC}") = "WebApplicationApi", "WebApplicationApi\WebApplicationApi.csproj", "{2E79DD61-20A5-456D-ACC8-4BF337F05427}"
EndProject
Global
	GlobalSection(SolutionConfigurationPlatforms) = preSolution
		Debug|Any CPU = Debug|Any CPU
		Release|Any CPU = Release|Any CPU
	EndGlobalSection
	GlobalSection(ProjectConfigurationPlatforms) = postSolution
		{B6725CB1-B498-4B50-8E63-9A20F01E1904}.Debug|Any CPU.ActiveCfg = Debug|Any CPU
		{B6725CB1-B498-4B50-8E63-9A20F01E1904}.Debug|Any CPU.Build.0 = Debug|Any CPU
		{B6725CB1-B498-4B50-8E63-9A20F01E1904}.Release|Any CPU.ActiveCfg = Release|Any CPU
		{B6725CB1-B498-4B50-8E63-9A20F01E1904}.Release|Any CPU.Build.0 = Release|Any CPU
		{FAB9672A-75E0-416A-AD55-5F5724FDE9E9}.Debug|Any CPU.ActiveCfg = Debug|Any CPU
		{FAB9672A-75E0-416A-AD55-5F5724FDE9E9}.Debug|Any CPU.Build.0 = Debug|Any CPU
		{FAB9672A-75E0-416A-AD55-5F5724FDE9E9}.Release|Any CPU.ActiveCfg = Release|Any CPU
		{FAB9672A-75E0-416A-AD55-5F5724FDE9E9}.Release|Any CPU.Build.0 = Release|Any CPU
		{A2E51D3D-BC70-4748-B354-8A87F798EFC4}.Debug|Any CPU.ActiveCfg = Debug|Any CPU
		{A2E51D3D-BC70-4748-B354-8A87F798EFC4}.Debug|Any CPU.Build.0 = Debug|Any CPU
		{A2E51D3D-BC70-4748-B354-8A87F798EFC4}.Release|Any CPU.ActiveCfg = Release|Any CPU
		{A2E51D3D-BC70-4748-B354-8A87F798EFC4}.Release|Any CPU.Build.0 = Release|Any CPU
		{A911B9EF-9C77-4140-BC99-2D26F841880E}.Debug|Any CPU.ActiveCfg = Debug|Any CPU
		{A911B9EF-9C77-4140-BC99-2D26F841880E}.Debug|Any CPU.Build.0 = Debug|Any CPU
		{A911B9EF-9C77-4140-BC99-2D26F841880E}.Release|Any CPU.ActiveCfg = Release|Any CPU
		{A911B9EF-9C77-4140-BC99-2D26F841880E}.Release|Any CPU.Build.0 = Release|Any CPU
		{2E79DD61-20A5-456D-ACC8-4BF337F05427}.Debug|Any CPU.ActiveCfg = Debug|Any CPU
		{2E79DD61-20A5-456D-ACC8-4BF337F05427}.Debug|Any CPU.Build.0 = Debug|Any CPU
		{2E79DD61-20A5-456D-ACC8-4BF337F05427}.Release|Any CPU.ActiveCfg = Release|Any CPU
		{2E79DD61-20A5-456D-ACC8-4BF337F05427}.Release|Any CPU.Build.0 = Release|Any CPU
	EndGlobalSection
	GlobalSection(SolutionProperties) = preSolution
		HideSolutionNode = FALSE
	EndGlobalSection
	GlobalSection(ExtensibilityGlobals) = postSolution
		SolutionGuid = {F4B7B249-801F-4F0E-81AB-CC75C8DB97F4}
	EndGlobalSection
EndGlobal
